
Microsoft Visual Studio Solution File, Format Version 12.00
Project("{FAE04EC0-301F-11D3-BF4B-00C04F79EFBC}") = "Api", "Api\Api.csproj", "{390C9873-763E-4EC3-96AD-571C7F96666F}"
EndProject
Project("{FAE04EC0-301F-11D3-BF4B-00C04F79EFBC}") = "Domain", "Domain\Domain.csproj", "{B7A8E29F-693B-4EBB-8AA9-ABB5B69B9425}"
EndProject
Project("{FAE04EC0-301F-11D3-BF4B-00C04F79EFBC}") = "Infrastructure", "Infrastructure\Infrastructure.csproj", "{0F2B052E-96AD-4E9C-8276-C1C3AC5AECE7}"
EndProject
Project("{FAE04EC0-301F-11D3-BF4B-00C04F79EFBC}") = "Application", "Application\Application.csproj", "{7BD3BD0F-7275-4548-9864-1B722993D97A}"
EndProject
Project("{FAE04EC0-301F-11D3-BF4B-00C04F79EFBC}") = "Contracts", "Contracts\Contracts.csproj", "{8B6F67A5-45AC-4305-9C0E-5DE2C7797306}"
EndProject
Project("{FAE04EC0-301F-11D3-BF4B-00C04F79EFBC}") = "Tests", "Tests\Tests.csproj", "{2C0CC158-F1B4-4C7C-96C1-7246B3CD4479}"
EndProject
Global
	GlobalSection(SolutionConfigurationPlatforms) = preSolution
		Debug|Any CPU = Debug|Any CPU
		Debug|x64 = Debug|x64
		Debug|x86 = Debug|x86
		Release|Any CPU = Release|Any CPU
		Release|x64 = Release|x64
		Release|x86 = Release|x86
	EndGlobalSection
	GlobalSection(ProjectConfigurationPlatforms) = postSolution
		{390C9873-763E-4EC3-96AD-571C7F96666F}.Debug|Any CPU.ActiveCfg = Debug|Any CPU
		{390C9873-763E-4EC3-96AD-571C7F96666F}.Debug|Any CPU.Build.0 = Debug|Any CPU
		{390C9873-763E-4EC3-96AD-571C7F96666F}.Debug|x64.ActiveCfg = Debug|Any CPU
		{390C9873-763E-4EC3-96AD-571C7F96666F}.Debug|x64.Build.0 = Debug|Any CPU
		{390C9873-763E-4EC3-96AD-571C7F96666F}.Debug|x86.ActiveCfg = Debug|Any CPU
		{390C9873-763E-4EC3-96AD-571C7F96666F}.Debug|x86.Build.0 = Debug|Any CPU
		{390C9873-763E-4EC3-96AD-571C7F96666F}.Release|Any CPU.ActiveCfg = Release|Any CPU
		{390C9873-763E-4EC3-96AD-571C7F96666F}.Release|Any CPU.Build.0 = Release|Any CPU
		{390C9873-763E-4EC3-96AD-571C7F96666F}.Release|x64.ActiveCfg = Release|Any CPU
		{390C9873-763E-4EC3-96AD-571C7F96666F}.Release|x64.Build.0 = Release|Any CPU
		{390C9873-763E-4EC3-96AD-571C7F96666F}.Release|x86.ActiveCfg = Release|Any CPU
		{390C9873-763E-4EC3-96AD-571C7F96666F}.Release|x86.Build.0 = Release|Any CPU
		{B7A8E29F-693B-4EBB-8AA9-ABB5B69B9425}.Debug|Any CPU.ActiveCfg = Debug|Any CPU
		{B7A8E29F-693B-4EBB-8AA9-ABB5B69B9425}.Debug|Any CPU.Build.0 = Debug|Any CPU
		{B7A8E29F-693B-4EBB-8AA9-ABB5B69B9425}.Debug|x64.ActiveCfg = Debug|Any CPU
		{B7A8E29F-693B-4EBB-8AA9-ABB5B69B9425}.Debug|x64.Build.0 = Debug|Any CPU
		{B7A8E29F-693B-4EBB-8AA9-ABB5B69B9425}.Debug|x86.ActiveCfg = Debug|Any CPU
		{B7A8E29F-693B-4EBB-8AA9-ABB5B69B9425}.Debug|x86.Build.0 = Debug|Any CPU
		{B7A8E29F-693B-4EBB-8AA9-ABB5B69B9425}.Release|Any CPU.ActiveCfg = Release|Any CPU
		{B7A8E29F-693B-4EBB-8AA9-ABB5B69B9425}.Release|Any CPU.Build.0 = Release|Any CPU
		{B7A8E29F-693B-4EBB-8AA9-ABB5B69B9425}.Release|x64.ActiveCfg = Release|Any CPU
		{B7A8E29F-693B-4EBB-8AA9-ABB5B69B9425}.Release|x64.Build.0 = Release|Any CPU
		{B7A8E29F-693B-4EBB-8AA9-ABB5B69B9425}.Release|x86.ActiveCfg = Release|Any CPU
		{B7A8E29F-693B-4EBB-8AA9-ABB5B69B9425}.Release|x86.Build.0 = Release|Any CPU
		{0F2B052E-96AD-4E9C-8276-C1C3AC5AECE7}.Debug|Any CPU.ActiveCfg = Debug|Any CPU
		{0F2B052E-96AD-4E9C-8276-C1C3AC5AECE7}.Debug|Any CPU.Build.0 = Debug|Any CPU
		{0F2B052E-96AD-4E9C-8276-C1C3AC5AECE7}.Debug|x64.ActiveCfg = Debug|Any CPU
		{0F2B052E-96AD-4E9C-8276-C1C3AC5AECE7}.Debug|x64.Build.0 = Debug|Any CPU
		{0F2B052E-96AD-4E9C-8276-C1C3AC5AECE7}.Debug|x86.ActiveCfg = Debug|Any CPU
		{0F2B052E-96AD-4E9C-8276-C1C3AC5AECE7}.Debug|x86.Build.0 = Debug|Any CPU
		{0F2B052E-96AD-4E9C-8276-C1C3AC5AECE7}.Release|Any CPU.ActiveCfg = Release|Any CPU
		{0F2B052E-96AD-4E9C-8276-C1C3AC5AECE7}.Release|Any CPU.Build.0 = Release|Any CPU
		{0F2B052E-96AD-4E9C-8276-C1C3AC5AECE7}.Release|x64.ActiveCfg = Release|Any CPU
		{0F2B052E-96AD-4E9C-8276-C1C3AC5AECE7}.Release|x64.Build.0 = Release|Any CPU
		{0F2B052E-96AD-4E9C-8276-C1C3AC5AECE7}.Release|x86.ActiveCfg = Release|Any CPU
		{0F2B052E-96AD-4E9C-8276-C1C3AC5AECE7}.Release|x86.Build.0 = Release|Any CPU
		{7BD3BD0F-7275-4548-9864-1B722993D97A}.Debug|Any CPU.ActiveCfg = Debug|Any CPU
		{7BD3BD0F-7275-4548-9864-1B722993D97A}.Debug|Any CPU.Build.0 = Debug|Any CPU
		{7BD3BD0F-7275-4548-9864-1B722993D97A}.Debug|x64.ActiveCfg = Debug|Any CPU
		{7BD3BD0F-7275-4548-9864-1B722993D97A}.Debug|x64.Build.0 = Debug|Any CPU
		{7BD3BD0F-7275-4548-9864-1B722993D97A}.Debug|x86.ActiveCfg = Debug|Any CPU
		{7BD3BD0F-7275-4548-9864-1B722993D97A}.Debug|x86.Build.0 = Debug|Any CPU
		{7BD3BD0F-7275-4548-9864-1B722993D97A}.Release|Any CPU.ActiveCfg = Release|Any CPU
		{7BD3BD0F-7275-4548-9864-1B722993D97A}.Release|Any CPU.Build.0 = Release|Any CPU
		{7BD3BD0F-7275-4548-9864-1B722993D97A}.Release|x64.ActiveCfg = Release|Any CPU
		{7BD3BD0F-7275-4548-9864-1B722993D97A}.Release|x64.Build.0 = Release|Any CPU
		{7BD3BD0F-7275-4548-9864-1B722993D97A}.Release|x86.ActiveCfg = Release|Any CPU
		{7BD3BD0F-7275-4548-9864-1B722993D97A}.Release|x86.Build.0 = Release|Any CPU
		{8B6F67A5-45AC-4305-9C0E-5DE2C7797306}.Debug|Any CPU.ActiveCfg = Debug|Any CPU
		{8B6F67A5-45AC-4305-9C0E-5DE2C7797306}.Debug|Any CPU.Build.0 = Debug|Any CPU
		{8B6F67A5-45AC-4305-9C0E-5DE2C7797306}.Debug|x64.ActiveCfg = Debug|Any CPU
		{8B6F67A5-45AC-4305-9C0E-5DE2C7797306}.Debug|x64.Build.0 = Debug|Any CPU
		{8B6F67A5-45AC-4305-9C0E-5DE2C7797306}.Debug|x86.ActiveCfg = Debug|Any CPU
		{8B6F67A5-45AC-4305-9C0E-5DE2C7797306}.Debug|x86.Build.0 = Debug|Any CPU
		{8B6F67A5-45AC-4305-9C0E-5DE2C7797306}.Release|Any CPU.ActiveCfg = Release|Any CPU
		{8B6F67A5-45AC-4305-9C0E-5DE2C7797306}.Release|Any CPU.Build.0 = Release|Any CPU
		{8B6F67A5-45AC-4305-9C0E-5DE2C7797306}.Release|x64.ActiveCfg = Release|Any CPU
		{8B6F67A5-45AC-4305-9C0E-5DE2C7797306}.Release|x64.Build.0 = Release|Any CPU
		{8B6F67A5-45AC-4305-9C0E-5DE2C7797306}.Release|x86.ActiveCfg = Release|Any CPU
		{8B6F67A5-45AC-4305-9C0E-5DE2C7797306}.Release|x86.Build.0 = Release|Any CPU
		{2C0CC158-F1B4-4C7C-96C1-7246B3CD4479}.Debug|Any CPU.ActiveCfg = Debug|Any CPU
		{2C0CC158-F1B4-4C7C-96C1-7246B3CD4479}.Debug|Any CPU.Build.0 = Debug|Any CPU
		{2C0CC158-F1B4-4C7C-96C1-7246B3CD4479}.Debug|x64.ActiveCfg = Debug|Any CPU
		{2C0CC158-F1B4-4C7C-96C1-7246B3CD4479}.Debug|x64.Build.0 = Debug|Any CPU
		{2C0CC158-F1B4-4C7C-96C1-7246B3CD4479}.Debug|x86.ActiveCfg = Debug|Any CPU
		{2C0CC158-F1B4-4C7C-96C1-7246B3CD4479}.Debug|x86.Build.0 = Debug|Any CPU
		{2C0CC158-F1B4-4C7C-96C1-7246B3CD4479}.Release|Any CPU.ActiveCfg = Release|Any CPU
		{2C0CC158-F1B4-4C7C-96C1-7246B3CD4479}.Release|Any CPU.Build.0 = Release|Any CPU
		{2C0CC158-F1B4-4C7C-96C1-7246B3CD4479}.Release|x64.ActiveCfg = Release|Any CPU
		{2C0CC158-F1B4-4C7C-96C1-7246B3CD4479}.Release|x64.Build.0 = Release|Any CPU
		{2C0CC158-F1B4-4C7C-96C1-7246B3CD4479}.Release|x86.ActiveCfg = Release|Any CPU
		{2C0CC158-F1B4-4C7C-96C1-7246B3CD4479}.Release|x86.Build.0 = Release|Any CPU
	EndGlobalSection
	GlobalSection(SolutionProperties) = preSolution
		HideSolutionNode = FALSE
	EndGlobalSection
EndGlobal
